// !$*UTF8*$!
{
	archiveVersion = 1;
	classes = {
	};
	objectVersion = 46;
	objects = {

/* Begin PBXBuildFile section */
		F424A6DD1F41AB4700C6FC5B /* AppDelegate.swift in Sources */ = {isa = PBXBuildFile; fileRef = F424A6DC1F41AB4700C6FC5B /* AppDelegate.swift */; };
		F424A6E21F41AB4700C6FC5B /* Main.storyboard in Resources */ = {isa = PBXBuildFile; fileRef = F424A6E01F41AB4700C6FC5B /* Main.storyboard */; };
		F424A6E41F41AB4700C6FC5B /* Assets.xcassets in Resources */ = {isa = PBXBuildFile; fileRef = F424A6E31F41AB4700C6FC5B /* Assets.xcassets */; };
		F424A6E71F41AB4700C6FC5B /* LaunchScreen.storyboard in Resources */ = {isa = PBXBuildFile; fileRef = F424A6E51F41AB4700C6FC5B /* LaunchScreen.storyboard */; };
		F424A6F11F41AC0200C6FC5B /* MainViewController.swift in Sources */ = {isa = PBXBuildFile; fileRef = F424A6F01F41AC0200C6FC5B /* MainViewController.swift */; };
		F424A6F31F41AC4300C6FC5B /* FileReader.swift in Sources */ = {isa = PBXBuildFile; fileRef = F424A6F21F41AC4300C6FC5B /* FileReader.swift */; };
		F4354FF01F44037E001642D6 /* BackGroundView.swift in Sources */ = {isa = PBXBuildFile; fileRef = F4354FEF1F44037E001642D6 /* BackGroundView.swift */; };
		F4E019F31F456A9400358173 /* SongListTableViewCell.swift in Sources */ = {isa = PBXBuildFile; fileRef = F4E019F21F456A9400358173 /* SongListTableViewCell.swift */; };
/* End PBXBuildFile section */

/* Begin PBXFileReference section */
		F424A6D91F41AB4700C6FC5B /* MusicPlayer.app */ = {isa = PBXFileReference; explicitFileType = wrapper.application; includeInIndex = 0; path = MusicPlayer.app; sourceTree = BUILT_PRODUCTS_DIR; };
		F424A6DC1F41AB4700C6FC5B /* AppDelegate.swift */ = {isa = PBXFileReference; lastKnownFileType = sourcecode.swift; path = AppDelegate.swift; sourceTree = "<group>"; };
		F424A6E11F41AB4700C6FC5B /* Base */ = {isa = PBXFileReference; lastKnownFileType = file.storyboard; name = Base; path = Base.lproj/Main.storyboard; sourceTree = "<group>"; };
		F424A6E31F41AB4700C6FC5B /* Assets.xcassets */ = {isa = PBXFileReference; lastKnownFileType = folder.assetcatalog; path = Assets.xcassets; sourceTree = "<group>"; };
		F424A6E61F41AB4700C6FC5B /* Base */ = {isa = PBXFileReference; lastKnownFileType = file.storyboard; name = Base; path = Base.lproj/LaunchScreen.storyboard; sourceTree = "<group>"; };
		F424A6E81F41AB4700C6FC5B /* Info.plist */ = {isa = PBXFileReference; lastKnownFileType = text.plist.xml; path = Info.plist; sourceTree = "<group>"; };
		F424A6F01F41AC0200C6FC5B /* MainViewController.swift */ = {isa = PBXFileReference; fileEncoding = 4; lastKnownFileType = sourcecode.swift; path = MainViewController.swift; sourceTree = "<group>"; };
		F424A6F21F41AC4300C6FC5B /* FileReader.swift */ = {isa = PBXFileReference; fileEncoding = 4; lastKnownFileType = sourcecode.swift; path = FileReader.swift; sourceTree = "<group>"; wrapsLines = 1; };
		F4354FEF1F44037E001642D6 /* BackGroundView.swift */ = {isa = PBXFileReference; fileEncoding = 4; lastKnownFileType = sourcecode.swift; path = BackGroundView.swift; sourceTree = "<group>"; };
		F4E019F21F456A9400358173 /* SongListTableViewCell.swift */ = {isa = PBXFileReference; fileEncoding = 4; lastKnownFileType = sourcecode.swift; path = SongListTableViewCell.swift; sourceTree = "<group>"; };
/* End PBXFileReference section */

/* Begin PBXFrameworksBuildPhase section */
		F424A6D61F41AB4700C6FC5B /* Frameworks */ = {
			isa = PBXFrameworksBuildPhase;
			buildActionMask = 2147483647;
			files = (
			);
			runOnlyForDeploymentPostprocessing = 0;
		};
/* End PBXFrameworksBuildPhase section */

/* Begin PBXGroup section */
		F424A6D01F41AB4700C6FC5B = {
			isa = PBXGroup;
			children = (
				F424A6DB1F41AB4700C6FC5B /* MusicPlayer */,
				F424A6DA1F41AB4700C6FC5B /* Products */,
			);
			sourceTree = "<group>";
		};
		F424A6DA1F41AB4700C6FC5B /* Products */ = {
			isa = PBXGroup;
			children = (
				F424A6D91F41AB4700C6FC5B /* MusicPlayer.app */,
			);
			name = Products;
			sourceTree = "<group>";
		};
		F424A6DB1F41AB4700C6FC5B /* MusicPlayer */ = {
			isa = PBXGroup;
			children = (
				F4E019F11F456A5C00358173 /* Cells */,
				F424A6EE1F41ABE500C6FC5B /* HelperClass */,
				F424A6EF1F41ABE500C6FC5B /* ViewController */,
				F424A6DC1F41AB4700C6FC5B /* AppDelegate.swift */,
				F424A6E01F41AB4700C6FC5B /* Main.storyboard */,
				F424A6E31F41AB4700C6FC5B /* Assets.xcassets */,
				F424A6E51F41AB4700C6FC5B /* LaunchScreen.storyboard */,
				F424A6E81F41AB4700C6FC5B /* Info.plist */,
			);
			path = MusicPlayer;
			sourceTree = "<group>";
		};
		F424A6EE1F41ABE500C6FC5B /* HelperClass */ = {
			isa = PBXGroup;
			children = (
				F424A6F21F41AC4300C6FC5B /* FileReader.swift */,
				F4354FEF1F44037E001642D6 /* BackGroundView.swift */,
			);
			path = HelperClass;
			sourceTree = "<group>";
		};
		F424A6EF1F41ABE500C6FC5B /* ViewController */ = {
			isa = PBXGroup;
			children = (
				F424A6F01F41AC0200C6FC5B /* MainViewController.swift */,
			);
			path = ViewController;
			sourceTree = "<group>";
		};
		F4E019F11F456A5C00358173 /* Cells */ = {
			isa = PBXGroup;
			children = (
				F4E019F21F456A9400358173 /* SongListTableViewCell.swift */,
			);
			path = Cells;
			sourceTree = "<group>";
		};
/* End PBXGroup section */

/* Begin PBXNativeTarget section */
		F424A6D81F41AB4700C6FC5B /* MusicPlayer */ = {
			isa = PBXNativeTarget;
			buildConfigurationList = F424A6EB1F41AB4700C6FC5B /* Build configuration list for PBXNativeTarget "MusicPlayer" */;
			buildPhases = (
				F424A6D51F41AB4700C6FC5B /* Sources */,
				F424A6D61F41AB4700C6FC5B /* Frameworks */,
				F424A6D71F41AB4700C6FC5B /* Resources */,
			);
			buildRules = (
			);
			dependencies = (
			);
			name = MusicPlayer;
			productName = MusicPlayer;
			productReference = F424A6D91F41AB4700C6FC5B /* MusicPlayer.app */;
			productType = "com.apple.product-type.application";
		};
/* End PBXNativeTarget section */

/* Begin PBXProject section */
		F424A6D11F41AB4700C6FC5B /* Project object */ = {
			isa = PBXProject;
			attributes = {
				LastSwiftUpdateCheck = 0830;
				LastUpgradeCheck = 0830;
				ORGANIZATIONNAME = Xminds;
				TargetAttributes = {
					F424A6D81F41AB4700C6FC5B = {
						CreatedOnToolsVersion = 8.3.3;
						DevelopmentTeam = 5DM37TEFRF;
						ProvisioningStyle = Automatic;
					};
				};
			};
			buildConfigurationList = F424A6D41F41AB4700C6FC5B /* Build configuration list for PBXProject "MusicPlayer" */;
			compatibilityVersion = "Xcode 3.2";
			developmentRegion = English;
			hasScannedForEncodings = 0;
			knownRegions = (
				en,
				Base,
			);
			mainGroup = F424A6D01F41AB4700C6FC5B;
			productRefGroup = F424A6DA1F41AB4700C6FC5B /* Products */;
			projectDirPath = "";
			projectRoot = "";
			targets = (
				F424A6D81F41AB4700C6FC5B /* MusicPlayer */,
			);
		};
/* End PBXProject section */

/* Begin PBXResourcesBuildPhase section */
		F424A6D71F41AB4700C6FC5B /* Resources */ = {
			isa = PBXResourcesBuildPhase;
			buildActionMask = 2147483647;
			files = (
				F424A6E71F41AB4700C6FC5B /* LaunchScreen.storyboard in Resources */,
				F424A6E41F41AB4700C6FC5B /* Assets.xcassets in Resources */,
				F424A6E21F41AB4700C6FC5B /* Main.storyboard in Resources */,
			);
			runOnlyForDeploymentPostprocessing = 0;
		};
/* End PBXResourcesBuildPhase section */

/* Begin PBXSourcesBuildPhase section */
		F424A6D51F41AB4700C6FC5B /* Sources */ = {
			isa = PBXSourcesBuildPhase;
			buildActionMask = 2147483647;
			files = (
				F4E019F31F456A9400358173 /* SongListTableViewCell.swift in Sources */,
				F424A6F31F41AC4300C6FC5B /* FileReader.swift in Sources */,
				F424A6DD1F41AB4700C6FC5B /* AppDelegate.swift in Sources */,
				F424A6F11F41AC0200C6FC5B /* MainViewController.swift in Sources */,
				F4354FF01F44037E001642D6 /* BackGroundView.swift in Sources */,
			);
			runOnlyForDeploymentPostprocessing = 0;
		};
/* End PBXSourcesBuildPhase section */

/* Begin PBXVariantGroup section */
		F424A6E01F41AB4700C6FC5B /* Main.storyboard */ = {
			isa = PBXVariantGroup;
			children = (
				F424A6E11F41AB4700C6FC5B /* Base */,
			);
			name = Main.storyboard;
			sourceTree = "<group>";
		};
		F424A6E51F41AB4700C6FC5B /* LaunchScreen.storyboard */ = {
			isa = PBXVariantGroup;
			children = (
				F424A6E61F41AB4700C6FC5B /* Base */,
			);
			name = LaunchScreen.storyboard;
			sourceTree = "<group>";
		};
/* End PBXVariantGroup section */

/* Begin XCBuildConfiguration section */
		F424A6E91F41AB4700C6FC5B /* Debug */ = {
			isa = XCBuildConfiguration;
			buildSettings = {
				ALWAYS_SEARCH_USER_PATHS = NO;
				CLANG_ANALYZER_NONNULL = YES;
				CLANG_ANALYZER_NUMBER_OBJECT_CONVERSION = YES_AGGRESSIVE;
				CLANG_CXX_LANGUAGE_STANDARD = "gnu++0x";
				CLANG_CXX_LIBRARY = "libc++";
				CLANG_ENABLE_MODULES = YES;
				CLANG_ENABLE_OBJC_ARC = YES;
				CLANG_WARN_BOOL_CONVERSION = YES;
				CLANG_WARN_CONSTANT_CONVERSION = YES;
				CLANG_WARN_DIRECT_OBJC_ISA_USAGE = YES_ERROR;
				CLANG_WARN_DOCUMENTATION_COMMENTS = YES;
				CLANG_WARN_EMPTY_BODY = YES;
				CLANG_WARN_ENUM_CONVERSION = YES;
				CLANG_WARN_INFINITE_RECURSION = YES;
				CLANG_WARN_INT_CONVERSION = YES;
				CLANG_WARN_OBJC_ROOT_CLASS = YES_ERROR;
				CLANG_WARN_SUSPICIOUS_MOVE = YES;
				CLANG_WARN_UNREACHABLE_CODE = YES;
				CLANG_WARN__DUPLICATE_METHOD_MATCH = YES;
				"CODE_SIGN_IDENTITY[sdk=iphoneos*]" = "iPhone Developer";
				COPY_PHASE_STRIP = NO;
				DEBUG_INFORMATION_FORMAT = dwarf;
				ENABLE_STRICT_OBJC_MSGSEND = YES;
				ENABLE_TESTABILITY = YES;
				GCC_C_LANGUAGE_STANDARD = gnu99;
				GCC_DYNAMIC_NO_PIC = NO;
				GCC_NO_COMMON_BLOCKS = YES;
				GCC_OPTIMIZATION_LEVEL = 0;
				GCC_PREPROCESSOR_DEFINITIONS = (
					"DEBUG=1",
					"$(inherited)",
				);
				GCC_WARN_64_TO_32_BIT_CONVERSION = YES;
				GCC_WARN_ABOUT_RETURN_TYPE = YES_ERROR;
				GCC_WARN_UNDECLARED_SELECTOR = YES;
				GCC_WARN_UNINITIALIZED_AUTOS = YES_AGGRESSIVE;
				GCC_WARN_UNUSED_FUNCTION = YES;
				GCC_WARN_UNUSED_VARIABLE = YES;
				IPHONEOS_DEPLOYMENT_TARGET = 10.3;
				MTL_ENABLE_DEBUG_INFO = YES;
				ONLY_ACTIVE_ARCH = YES;
				SDKROOT = iphoneos;
				SWIFT_ACTIVE_COMPILATION_CONDITIONS = DEBUG;
				SWIFT_OPTIMIZATION_LEVEL = "-Onone";
			};
			name = Debug;
		};
		F424A6EA1F41AB4700C6FC5B /* Release */ = {
			isa = XCBuildConfiguration;
			buildSettings = {
				ALWAYS_SEARCH_USER_PATHS = NO;
				CLANG_ANALYZER_NONNULL = YES;
				CLANG_ANALYZER_NUMBER_OBJECT_CONVERSION = YES_AGGRESSIVE;
				CLANG_CXX_LANGUAGE_STANDARD = "gnu++0x";
				CLANG_CXX_LIBRARY = "libc++";
				CLANG_ENABLE_MODULES = YES;
				CLANG_ENABLE_OBJC_ARC = YES;
				CLANG_WARN_BOOL_CONVERSION = YES;
				CLANG_WARN_CONSTANT_CONVERSION = YES;
				CLANG_WARN_DIRECT_OBJC_ISA_USAGE = YES_ERROR;
				CLANG_WARN_DOCUMENTATION_COMMENTS = YES;
				CLANG_WARN_EMPTY_BODY = YES;
				CLANG_WARN_ENUM_CONVERSION = YES;
				CLANG_WARN_INFINITE_RECURSION = YES;
				CLANG_WARN_INT_CONVERSION = YES;
				CLANG_WARN_OBJC_ROOT_CLASS = YES_ERROR;
				CLANG_WARN_SUSPICIOUS_MOVE = YES;
				CLANG_WARN_UNREACHABLE_CODE = YES;
				CLANG_WARN__DUPLICATE_METHOD_MATCH = YES;
				"CODE_SIGN_IDENTITY[sdk=iphoneos*]" = "iPhone Developer";
				COPY_PHASE_STRIP = NO;
				DEBUG_INFORMATION_FORMAT = "dwarf-with-dsym";
				ENABLE_NS_ASSERTIONS = NO;
				ENABLE_STRICT_OBJC_MSGSEND = YES;
				GCC_C_LANGUAGE_STANDARD = gnu99;
				GCC_NO_COMMON_BLOCKS = YES;
				GCC_WARN_64_TO_32_BIT_CONVERSION = YES;
				GCC_WARN_ABOUT_RETURN_TYPE = YES_ERROR;
				GCC_WARN_UNDECLARED_SELECTOR = YES;
				GCC_WARN_UNINITIALIZED_AUTOS = YES_AGGRESSIVE;
				GCC_WARN_UNUSED_FUNCTION = YES;
				GCC_WARN_UNUSED_VARIABLE = YES;
				IPHONEOS_DEPLOYMENT_TARGET = 10.3;
				MTL_ENABLE_DEBUG_INFO = NO;
				SDKROOT = iphoneos;
				SWIFT_OPTIMIZATION_LEVEL = "-Owholemodule";
				VALIDATE_PRODUCT = YES;
			};
			name = Release;
		};
		F424A6EC1F41AB4700C6FC5B /* Debug */ = {
			isa = XCBuildConfiguration;
			buildSettings = {
				ASSETCATALOG_COMPILER_APPICON_NAME = AppIcon;
				DEVELOPMENT_TEAM = 5DM37TEFRF;
				INFOPLIST_FILE = MusicPlayer/Info.plist;
				IPHONEOS_DEPLOYMENT_TARGET = 10.0;
				LD_RUNPATH_SEARCH_PATHS = "$(inherited) @executable_path/Frameworks";
				PRODUCT_BUNDLE_IDENTIFIER = com.xminds.MusicPlayer;
				PRODUCT_NAME = "$(TARGET_NAME)";
				SWIFT_VERSION = 3.0;
			};
			name = Debug;
		};
		F424A6ED1F41AB4700C6FC5B /* Release */ = {
			isa = XCBuildConfiguration;
			buildSettings = {
				ASSETCATALOG_COMPILER_APPICON_NAME = AppIcon;
				DEVELOPMENT_TEAM = 5DM37TEFRF;
				INFOPLIST_FILE = MusicPlayer/Info.plist;
				IPHONEOS_DEPLOYMENT_TARGET = 10.0;
				LD_RUNPATH_SEARCH_PATHS = "$(inherited) @executable_path/Frameworks";
				PRODUCT_BUNDLE_IDENTIFIER = com.xminds.MusicPlayer;
				PRODUCT_NAME = "$(TARGET_NAME)";
				SWIFT_VERSION = 3.0;
			};
			name = Release;
		};
/* End XCBuildConfiguration section */

/* Begin XCConfigurationList section */
		F424A6D41F41AB4700C6FC5B /* Build configuration list for PBXProject "MusicPlayer" */ = {
			isa = XCConfigurationList;
			buildConfigurations = (
				F424A6E91F41AB4700C6FC5B /* Debug */,
				F424A6EA1F41AB4700C6FC5B /* Release */,
			);
			defaultConfigurationIsVisible = 0;
			defaultConfigurationName = Release;
		};
		F424A6EB1F41AB4700C6FC5B /* Build configuration list for PBXNativeTarget "MusicPlayer" */ = {
			isa = XCConfigurationList;
			buildConfigurations = (
				F424A6EC1F41AB4700C6FC5B /* Debug */,
				F424A6ED1F41AB4700C6FC5B /* Release */,
			);
			defaultConfigurationIsVisible = 0;
			defaultConfigurationName = Release;
		};
/* End XCConfigurationList section */
	};
	rootObject = F424A6D11F41AB4700C6FC5B /* Project object */;
}
